
Microsoft Visual Studio Solution File, Format Version 12.00
# Visual Studio 14
VisualStudioVersion = 14.0.25420.1
MinimumVisualStudioVersion = 10.0.40219.1
Project("{FAE04EC0-301F-11D3-BF4B-00C04F79EFBC}") = "IPH", "IPH\IPH.csproj", "{EF1A80C1-1957-48D7-BDFC-7F10B83E938C}"
EndProject
Project("{FAE04EC0-301F-11D3-BF4B-00C04F79EFBC}") = "Program", "Program\Program.csproj", "{91B971D0-1E4D-480C-BF49-8BEC4D5CFBBA}"
EndProject
Project("{FAE04EC0-301F-11D3-BF4B-00C04F79EFBC}") = "Comparers", "Comparers\Comparers.csproj", "{3620547C-CAEE-456E-8052-2DBD5E8DA4C2}"
EndProject
Global
	GlobalSection(SolutionConfigurationPlatforms) = preSolution
		Debug|Any CPU = Debug|Any CPU
		MHS_DEBUG|Any CPU = MHS_DEBUG|Any CPU
		MHS_RELEASE|Any CPU = MHS_RELEASE|Any CPU
		MVS_DEBUG|Any CPU = MVS_DEBUG|Any CPU
		MVS_RELEASE|Any CPU = MVS_RELEASE|Any CPU
		Release|Any CPU = Release|Any CPU
	EndGlobalSection
	GlobalSection(ProjectConfigurationPlatforms) = postSolution
		{EF1A80C1-1957-48D7-BDFC-7F10B83E938C}.Debug|Any CPU.ActiveCfg = Debug|Any CPU
		{EF1A80C1-1957-48D7-BDFC-7F10B83E938C}.Debug|Any CPU.Build.0 = Debug|Any CPU
		{EF1A80C1-1957-48D7-BDFC-7F10B83E938C}.MHS_DEBUG|Any CPU.ActiveCfg = MHS_DEBUG|Any CPU
		{EF1A80C1-1957-48D7-BDFC-7F10B83E938C}.MHS_DEBUG|Any CPU.Build.0 = MHS_DEBUG|Any CPU
		{EF1A80C1-1957-48D7-BDFC-7F10B83E938C}.MHS_RELEASE|Any CPU.ActiveCfg = MHS_RELEASE|Any CPU
		{EF1A80C1-1957-48D7-BDFC-7F10B83E938C}.MHS_RELEASE|Any CPU.Build.0 = MHS_RELEASE|Any CPU
		{EF1A80C1-1957-48D7-BDFC-7F10B83E938C}.MVS_DEBUG|Any CPU.ActiveCfg = MVS_DEBUG|Any CPU
		{EF1A80C1-1957-48D7-BDFC-7F10B83E938C}.MVS_DEBUG|Any CPU.Build.0 = MVS_DEBUG|Any CPU
		{EF1A80C1-1957-48D7-BDFC-7F10B83E938C}.MVS_RELEASE|Any CPU.ActiveCfg = MVS_RELEASE|Any CPU
		{EF1A80C1-1957-48D7-BDFC-7F10B83E938C}.MVS_RELEASE|Any CPU.Build.0 = MVS_RELEASE|Any CPU
		{EF1A80C1-1957-48D7-BDFC-7F10B83E938C}.Release|Any CPU.ActiveCfg = Release|Any CPU
		{EF1A80C1-1957-48D7-BDFC-7F10B83E938C}.Release|Any CPU.Build.0 = Release|Any CPU
		{91B971D0-1E4D-480C-BF49-8BEC4D5CFBBA}.Debug|Any CPU.ActiveCfg = Debug|Any CPU
		{91B971D0-1E4D-480C-BF49-8BEC4D5CFBBA}.Debug|Any CPU.Build.0 = Debug|Any CPU
		{91B971D0-1E4D-480C-BF49-8BEC4D5CFBBA}.MHS_DEBUG|Any CPU.ActiveCfg = MHS_DEBUG|Any CPU
		{91B971D0-1E4D-480C-BF49-8BEC4D5CFBBA}.MHS_DEBUG|Any CPU.Build.0 = MHS_DEBUG|Any CPU
		{91B971D0-1E4D-480C-BF49-8BEC4D5CFBBA}.MHS_RELEASE|Any CPU.ActiveCfg = MHS_RELEASE|Any CPU
		{91B971D0-1E4D-480C-BF49-8BEC4D5CFBBA}.MHS_RELEASE|Any CPU.Build.0 = MHS_RELEASE|Any CPU
		{91B971D0-1E4D-480C-BF49-8BEC4D5CFBBA}.MVS_DEBUG|Any CPU.ActiveCfg = MVS_DEBUG|Any CPU
		{91B971D0-1E4D-480C-BF49-8BEC4D5CFBBA}.MVS_DEBUG|Any CPU.Build.0 = MVS_DEBUG|Any CPU
		{91B971D0-1E4D-480C-BF49-8BEC4D5CFBBA}.MVS_RELEASE|Any CPU.ActiveCfg = MVS_RELEASE|Any CPU
		{91B971D0-1E4D-480C-BF49-8BEC4D5CFBBA}.MVS_RELEASE|Any CPU.Build.0 = MVS_RELEASE|Any CPU
		{91B971D0-1E4D-480C-BF49-8BEC4D5CFBBA}.Release|Any CPU.ActiveCfg = Release|Any CPU
		{91B971D0-1E4D-480C-BF49-8BEC4D5CFBBA}.Release|Any CPU.Build.0 = Release|Any CPU
		{3620547C-CAEE-456E-8052-2DBD5E8DA4C2}.Debug|Any CPU.ActiveCfg = Debug|Any CPU
		{3620547C-CAEE-456E-8052-2DBD5E8DA4C2}.Debug|Any CPU.Build.0 = Debug|Any CPU
		{3620547C-CAEE-456E-8052-2DBD5E8DA4C2}.MHS_DEBUG|Any CPU.ActiveCfg = MHS_DEBUG|Any CPU
		{3620547C-CAEE-456E-8052-2DBD5E8DA4C2}.MHS_DEBUG|Any CPU.Build.0 = MHS_DEBUG|Any CPU
		{3620547C-CAEE-456E-8052-2DBD5E8DA4C2}.MHS_RELEASE|Any CPU.ActiveCfg = MHS_RELEASE|Any CPU
		{3620547C-CAEE-456E-8052-2DBD5E8DA4C2}.MHS_RELEASE|Any CPU.Build.0 = MHS_RELEASE|Any CPU
		{3620547C-CAEE-456E-8052-2DBD5E8DA4C2}.MVS_DEBUG|Any CPU.ActiveCfg = MVS_DEBUG|Any CPU
		{3620547C-CAEE-456E-8052-2DBD5E8DA4C2}.MVS_DEBUG|Any CPU.Build.0 = MVS_DEBUG|Any CPU
		{3620547C-CAEE-456E-8052-2DBD5E8DA4C2}.MVS_RELEASE|Any CPU.ActiveCfg = MVS_RELEASE|Any CPU
		{3620547C-CAEE-456E-8052-2DBD5E8DA4C2}.MVS_RELEASE|Any CPU.Build.0 = MVS_RELEASE|Any CPU
		{3620547C-CAEE-456E-8052-2DBD5E8DA4C2}.Release|Any CPU.ActiveCfg = Release|Any CPU
		{3620547C-CAEE-456E-8052-2DBD5E8DA4C2}.Release|Any CPU.Build.0 = Release|Any CPU
	EndGlobalSection
	GlobalSection(SolutionProperties) = preSolution
		HideSolutionNode = FALSE
	EndGlobalSection
EndGlobal
